
Microsoft Visual Studio Solution File, Format Version 12.00
# Visual Studio Version 17
VisualStudioVersion = 17.14.36518.9 d17.14
MinimumVisualStudioVersion = 10.0.40219.1
Project("{FAE04EC0-301F-11D3-BF4B-00C04F79EFBC}") = "ConsoleApp4 LINQ", "ConsoleApp4 LINQ.csproj", "{E42105DD-3392-41A9-8285-9CE07D313899}"
EndProject
Global
	GlobalSection(SolutionConfigurationPlatforms) = preSolution
		Debug|Any CPU = Debug|Any CPU
		Release|Any CPU = Release|Any CPU
	EndGlobalSection
	GlobalSection(ProjectConfigurationPlatforms) = postSolution
		{E42105DD-3392-41A9-8285-9CE07D313899}.Debug|Any CPU.ActiveCfg = Debug|Any CPU
		{E42105DD-3392-41A9-8285-9CE07D313899}.Debug|Any CPU.Build.0 = Debug|Any CPU
		{E42105DD-3392-41A9-8285-9CE07D313899}.Release|Any CPU.ActiveCfg = Release|Any CPU
		{E42105DD-3392-41A9-8285-9CE07D313899}.Release|Any CPU.Build.0 = Release|Any CPU
	EndGlobalSection
	GlobalSection(SolutionProperties) = preSolution
		HideSolutionNode = FALSE
	EndGlobalSection
	GlobalSection(ExtensibilityGlobals) = postSolution
		SolutionGuid = {0C61CF54-2CC3-47C8-8733-2BBDF6370422}
	EndGlobalSection
EndGlobal
