
Microsoft Visual Studio Solution File, Format Version 12.00
# Visual Studio Version 17
VisualStudioVersion = 17.14.36616.10 d17.14
MinimumVisualStudioVersion = 10.0.40219.1
Project("{FAE04EC0-301F-11D3-BF4B-00C04F79EFBC}") = "CollegeApp_View", "CollegeApp_View.csproj", "{F2C4A5E4-45D3-41FB-A32A-64614AFDB931}"
EndProject
Global
	GlobalSection(SolutionConfigurationPlatforms) = preSolution
		Debug|Any CPU = Debug|Any CPU
		Release|Any CPU = Release|Any CPU
	EndGlobalSection
	GlobalSection(ProjectConfigurationPlatforms) = postSolution
		{F2C4A5E4-45D3-41FB-A32A-64614AFDB931}.Debug|Any CPU.ActiveCfg = Debug|Any CPU
		{F2C4A5E4-45D3-41FB-A32A-64614AFDB931}.Debug|Any CPU.Build.0 = Debug|Any CPU
		{F2C4A5E4-45D3-41FB-A32A-64614AFDB931}.Release|Any CPU.ActiveCfg = Release|Any CPU
		{F2C4A5E4-45D3-41FB-A32A-64614AFDB931}.Release|Any CPU.Build.0 = Release|Any CPU
	EndGlobalSection
	GlobalSection(SolutionProperties) = preSolution
		HideSolutionNode = FALSE
	EndGlobalSection
	GlobalSection(ExtensibilityGlobals) = postSolution
		SolutionGuid = {9C1CD77D-163C-4B2B-9C70-484926E9CCCA}
	EndGlobalSection
EndGlobal
